
Microsoft Visual Studio Solution File, Format Version 12.00
# Visual Studio Version 16
VisualStudioVersion = 16.0.31205.134
MinimumVisualStudioVersion = 10.0.40219.1
Project("{FAE04EC0-301F-11D3-BF4B-00C04F79EFBC}") = "Tetris", "Tetris\Tetris.csproj", "{FAD055DD-A167-49CC-B709-F68E48A4C8EB}"
EndProject
Global
	GlobalSection(SolutionConfigurationPlatforms) = preSolution
		Debug|ARM = Debug|ARM
		Debug|ARM64 = Debug|ARM64
		Debug|x64 = Debug|x64
		Debug|x86 = Debug|x86
		Release|ARM = Release|ARM
		Release|ARM64 = Release|ARM64
		Release|x64 = Release|x64
		Release|x86 = Release|x86
	EndGlobalSection
	GlobalSection(ProjectConfigurationPlatforms) = postSolution
		{FAD055DD-A167-49CC-B709-F68E48A4C8EB}.Debug|ARM.ActiveCfg = Debug|ARM
		{FAD055DD-A167-49CC-B709-F68E48A4C8EB}.Debug|ARM.Build.0 = Debug|ARM
		{FAD055DD-A167-49CC-B709-F68E48A4C8EB}.Debug|ARM.Deploy.0 = Debug|ARM
		{FAD055DD-A167-49CC-B709-F68E48A4C8EB}.Debug|ARM64.ActiveCfg = Debug|ARM64
		{FAD055DD-A167-49CC-B709-F68E48A4C8EB}.Debug|ARM64.Build.0 = Debug|ARM64
		{FAD055DD-A167-49CC-B709-F68E48A4C8EB}.Debug|ARM64.Deploy.0 = Debug|ARM64
		{FAD055DD-A167-49CC-B709-F68E48A4C8EB}.Debug|x64.ActiveCfg = Debug|x64
		{FAD055DD-A167-49CC-B709-F68E48A4C8EB}.Debug|x64.Build.0 = Debug|x64
		{FAD055DD-A167-49CC-B709-F68E48A4C8EB}.Debug|x64.Deploy.0 = Debug|x64
		{FAD055DD-A167-49CC-B709-F68E48A4C8EB}.Debug|x86.ActiveCfg = Debug|x86
		{FAD055DD-A167-49CC-B709-F68E48A4C8EB}.Debug|x86.Build.0 = Debug|x86
		{FAD055DD-A167-49CC-B709-F68E48A4C8EB}.Debug|x86.Deploy.0 = Debug|x86
		{FAD055DD-A167-49CC-B709-F68E48A4C8EB}.Release|ARM.ActiveCfg = Release|ARM
		{FAD055DD-A167-49CC-B709-F68E48A4C8EB}.Release|ARM.Build.0 = Release|ARM
		{FAD055DD-A167-49CC-B709-F68E48A4C8EB}.Release|ARM.Deploy.0 = Release|ARM
		{FAD055DD-A167-49CC-B709-F68E48A4C8EB}.Release|ARM64.ActiveCfg = Release|ARM64
		{FAD055DD-A167-49CC-B709-F68E48A4C8EB}.Release|ARM64.Build.0 = Release|ARM64
		{FAD055DD-A167-49CC-B709-F68E48A4C8EB}.Release|ARM64.Deploy.0 = Release|ARM64
		{FAD055DD-A167-49CC-B709-F68E48A4C8EB}.Release|x64.ActiveCfg = Release|x64
		{FAD055DD-A167-49CC-B709-F68E48A4C8EB}.Release|x64.Build.0 = Release|x64
		{FAD055DD-A167-49CC-B709-F68E48A4C8EB}.Release|x64.Deploy.0 = Release|x64
		{FAD055DD-A167-49CC-B709-F68E48A4C8EB}.Release|x86.ActiveCfg = Release|x86
		{FAD055DD-A167-49CC-B709-F68E48A4C8EB}.Release|x86.Build.0 = Release|x86
		{FAD055DD-A167-49CC-B709-F68E48A4C8EB}.Release|x86.Deploy.0 = Release|x86
	EndGlobalSection
	GlobalSection(SolutionProperties) = preSolution
		HideSolutionNode = FALSE
	EndGlobalSection
	GlobalSection(ExtensibilityGlobals) = postSolution
		SolutionGuid = {1E3941B9-CBBF-4DD0-B772-ABB2499DCBB6}
	EndGlobalSection
EndGlobal
